
Microsoft Visual Studio Solution File, Format Version 12.00
# Visual Studio for Mac
Project("{FAE04EC0-301F-11D3-BF4B-00C04F79EFBC}") = "Assembly-CSharp", "Assembly-CSharp.csproj", "{E88C7393-7455-EF70-33A4-BE1D91CFD3EC}"
EndProject
Project("{FAE04EC0-301F-11D3-BF4B-00C04F79EFBC}") = "Assembly-CSharp-Editor", "Assembly-CSharp-Editor.csproj", "{E448D202-6EBE-746E-4E40-6930455136CC}"
EndProject
Global
	GlobalSection(SolutionConfigurationPlatforms) = preSolution
		Debug|Any CPU = Debug|Any CPU
		Release|Any CPU = Release|Any CPU
	EndGlobalSection
	GlobalSection(ProjectConfigurationPlatforms) = postSolution
		{E88C7393-7455-EF70-33A4-BE1D91CFD3EC}.Debug|Any CPU.ActiveCfg = Debug|Any CPU
		{E88C7393-7455-EF70-33A4-BE1D91CFD3EC}.Debug|Any CPU.Build.0 = Debug|Any CPU
		{E88C7393-7455-EF70-33A4-BE1D91CFD3EC}.Release|Any CPU.ActiveCfg = Release|Any CPU
		{E88C7393-7455-EF70-33A4-BE1D91CFD3EC}.Release|Any CPU.Build.0 = Release|Any CPU
		{E448D202-6EBE-746E-4E40-6930455136CC}.Debug|Any CPU.ActiveCfg = Debug|Any CPU
		{E448D202-6EBE-746E-4E40-6930455136CC}.Debug|Any CPU.Build.0 = Debug|Any CPU
		{E448D202-6EBE-746E-4E40-6930455136CC}.Release|Any CPU.ActiveCfg = Release|Any CPU
		{E448D202-6EBE-746E-4E40-6930455136CC}.Release|Any CPU.Build.0 = Release|Any CPU
	EndGlobalSection
	GlobalSection(SolutionProperties) = preSolution
		HideSolutionNode = FALSE
	EndGlobalSection
EndGlobal
